<?xml version="1.0" encoding="utf-8"?>
<Project ToolsVersion="4.0" xmlns="http://schemas.microsoft.com/developer/msbuild/2003">
  <ItemGroup>
    <Filter Include="Source Files">
      <UniqueIdentifier>{4FC737F1-C7A5-4376-A066-2A32D752A2FF}</UniqueIdentifier>
      <Extensions>cpp;c;cc;cxx;c++;cppm;ixx;def;odl;idl;hpj;bat;asm;asmx</Extensions>
    </Filter>
    <Filter Include="Header Files">
      <UniqueIdentifier>{93995380-89BD-4b04-88EB-625FBE52EBFB}</UniqueIdentifier>
      <Extensions>h;hh;hpp;hxx;h++;hm;inl;inc;ipp;xsd</Extensions>
    </Filter>
    <Filter Include="Resource Files">
      <UniqueIdentifier>{67DA6AB6-F800-4c08-8B7A-83BB121AAD01}</UniqueIdentifier>
      <Extensions>rc;ico;cur;bmp;dlg;rc2;rct;bin;rgs;gif;jpg;jpeg;jpe;resx;tiff;tif;png;wav;mfcribbon-ms</Extensions>
    </Filter>
  </ItemGroup>
  <ItemGroup>
    <ClCompile Include="scr\Main.cpp">
      <Filter>Source Files</Filter>
    </ClCompile>
    <ClCompile Include="scr\Core\skGame.cpp">
      <Filter>Source Files</Filter>
    </ClCompile>
    <ClCompile Include="scr\Core\skGameData.cpp">
      <Filter>Source Files</Filter>
    </ClCompile>
    <ClCompile Include="scr\ECS\Component\skTransformComponent.cpp">
      <Filter>Source Files</Filter>
    </ClCompile>
    <ClCompile Include="scr\ECS\System\skRenderSystem.cpp">
      <Filter>Source Files</Filter>
    </ClCompile>
    <ClCompile Include="scr\Core\System\skResourcePool.cpp">
      <Filter>Source Files</Filter>
    </ClCompile>
    <ClCompile Include="scr\FileLoading\skLevelParser.cpp">
      <Filter>Source Files</Filter>
    </ClCompile>
    <ClCompile Include="scr\ECS\Component\skSpriteComponent.cpp">
      <Filter>Source Files</Filter>
    </ClCompile>
    <ClCompile Include="scr\ECS\Component\skLevelComponent.cpp">
      <Filter>Source Files</Filter>
    </ClCompile>
    <ClCompile Include="scr\ECS\Component\skTileMapComponent.cpp">
      <Filter>Source Files</Filter>
    </ClCompile>
    <ClCompile Include="scr\Game\skTileMap.cpp">
      <Filter>Source Files</Filter>
    </ClCompile>
    <ClCompile Include="scr\Core\System\skLua.cpp">
      <Filter>Source Files</Filter>
    </ClCompile>
    <ClCompile Include="scr\Scripting\skLuaState.cpp">
      <Filter>Source Files</Filter>
    </ClCompile>
    <ClCompile Include="scr\ECS\Component\skLuaComponent.cpp">
      <Filter>Source Files</Filter>
    </ClCompile>
    <ClCompile Include="scr\ECS\Component\skIdentifierComponent.cpp">
      <Filter>Source Files</Filter>
    </ClCompile>
    <ClCompile Include="scr\Core\System\skInput.cpp">
      <Filter>Source Files</Filter>
    </ClCompile>
    <ClCompile Include="scr\ECS\Component\skCameraComponent.cpp">
      <Filter>Source Files</Filter>
    </ClCompile>
    <ClCompile Include="scr\Scripting\skLuaScriptTemplate.cpp">
      <Filter>Source Files</Filter>
    </ClCompile>
    <ClCompile Include="scr\ECS\System\skCameraSystem.cpp">
      <Filter>Source Files</Filter>
    </ClCompile>
    <ClCompile Include="scr\Game\skCamera.cpp">
      <Filter>Source Files</Filter>
    </ClCompile>
    <ClCompile Include="scr\Util\skNoise.cpp">
      <Filter>Source Files</Filter>
    </ClCompile>
    <ClCompile Include="scr\Animation\skSpriteAnimation.cpp">
      <Filter>Source Files</Filter>
    </ClCompile>
    <ClCompile Include="scr\ECS\Component\skSpriteAnimationComponent.cpp">
      <Filter>Source Files</Filter>
    </ClCompile>
    <ClCompile Include="scr\ECS\System\skAnimationSystem.cpp">
      <Filter>Source Files</Filter>
    </ClCompile>
    <ClCompile Include="scr\ECS\Component\PhysicsBodyComponents\skCollisionBodyComponent.cpp">
      <Filter>Source Files</Filter>
    </ClCompile>
    <ClCompile Include="scr\ECS\Component\PhysicsBodyComponents\skPhysicsBodyComponent.cpp">
      <Filter>Source Files</Filter>
    </ClCompile>
    <ClCompile Include="scr\Physics\skCollisionLayers.cpp">
      <Filter>Source Files</Filter>
    </ClCompile>
    <ClCompile Include="scr\Physics\skContactListener.cpp">
      <Filter>Source Files</Filter>
    </ClCompile>
    <ClCompile Include="scr\Physics\skPhysicsWorld.cpp">
      <Filter>Source Files</Filter>
    </ClCompile>
    <ClCompile Include="scr\ECS\Component\PhysicsBodyComponents\skStaticBodyComponent.cpp">
      <Filter>Source Files</Filter>
    </ClCompile>
    <ClCompile Include="scr\ECS\Component\PhysicsBodyComponents\skTileMapCollisionBodyComponent.cpp">
      <Filter>Source Files</Filter>
    </ClCompile>
    <ClCompile Include="scr\ECS\System\skPhysicsSystem.cpp">
      <Filter>Source Files</Filter>
    </ClCompile>
    <ClCompile Include="scr\ECS\System\skUISystem.cpp">
      <Filter>Source Files</Filter>
    </ClCompile>
    <ClCompile Include="scr\Game\skLevel.cpp">
      <Filter>Source Files</Filter>
    </ClCompile>
  </ItemGroup>
  <ItemGroup>
    <ClInclude Include="scr\Core\skGame.h">
      <Filter>Header Files</Filter>
    </ClInclude>
    <ClInclude Include="scr\Core\skGameData.h">
      <Filter>Header Files</Filter>
    </ClInclude>
    <ClInclude Include="scr\Util\skTask.h">
      <Filter>Header Files</Filter>
    </ClInclude>
    <ClInclude Include="scr\ECS\Component\skTransformComponent.h">
      <Filter>Header Files</Filter>
    </ClInclude>
    <ClInclude Include="scr\ECS\System\skRenderSystem.h">
      <Filter>Header Files</Filter>
    </ClInclude>
    <ClInclude Include="scr\Core\System\skResourcePool.h">
      <Filter>Header Files</Filter>
    </ClInclude>
    <ClInclude Include="scr\FileLoading\skLevelParser.h">
      <Filter>Header Files</Filter>
    </ClInclude>
    <ClInclude Include="scr\ECS\Component\skSpriteComponent.h">
      <Filter>Header Files</Filter>
    </ClInclude>
    <ClInclude Include="scr\ECS\Component\skLevelComponent.h">
      <Filter>Header Files</Filter>
    </ClInclude>
    <ClInclude Include="scr\ECS\Component\skTileMapComponent.h">
      <Filter>Header Files</Filter>
    </ClInclude>
    <ClInclude Include="scr\Game\skTileMap.h">
      <Filter>Header Files</Filter>
    </ClInclude>
    <ClInclude Include="scr\Core\System\skLua.h">
      <Filter>Header Files</Filter>
    </ClInclude>
    <ClInclude Include="scr\Scripting\skLuaState.h">
      <Filter>Header Files</Filter>
    </ClInclude>
    <ClInclude Include="scr\ECS\Component\skLuaComponent.h">
      <Filter>Header Files</Filter>
    </ClInclude>
    <ClInclude Include="scr\ECS\Component\skIdentifierComponent.h">
      <Filter>Header Files</Filter>
    </ClInclude>
    <ClInclude Include="scr\Core\System\skInput.h">
      <Filter>Header Files</Filter>
    </ClInclude>
    <ClInclude Include="scr\ECS\Component\skCameraComponent.h">
      <Filter>Header Files</Filter>
    </ClInclude>
    <ClInclude Include="scr\Scripting\skLuaScriptTemplate.h">
      <Filter>Header Files</Filter>
    </ClInclude>
    <ClInclude Include="scr\ECS\System\skCameraSystem.h">
      <Filter>Header Files</Filter>
    </ClInclude>
    <ClInclude Include="scr\Game\skCamera.h">
      <Filter>Header Files</Filter>
    </ClInclude>
    <ClInclude Include="scr\Util\skNoise.h">
      <Filter>Header Files</Filter>
    </ClInclude>
    <ClInclude Include="scr\Animation\skSpriteAnimation.h">
      <Filter>Header Files</Filter>
    </ClInclude>
    <ClInclude Include="scr\ECS\Component\skSpriteAnimationComponent.h">
      <Filter>Header Files</Filter>
    </ClInclude>
    <ClInclude Include="scr\ECS\System\skAnimationSystem.h">
      <Filter>Header Files</Filter>
    </ClInclude>
    <ClInclude Include="scr\ECS\Component\PhysicsBodyComponents\skCollisionBodyComponent.h">
      <Filter>Header Files</Filter>
    </ClInclude>
    <ClInclude Include="scr\ECS\Component\PhysicsBodyComponents\skPhysicsBodyComponent.h">
      <Filter>Header Files</Filter>
    </ClInclude>
    <ClInclude Include="scr\Physics\skCollisionLayers.h">
      <Filter>Header Files</Filter>
    </ClInclude>
    <ClInclude Include="scr\Physics\skContactListener.h">
      <Filter>Header Files</Filter>
    </ClInclude>
    <ClInclude Include="scr\Physics\skPhysicsWorld.h">
      <Filter>Header Files</Filter>
    </ClInclude>
    <ClInclude Include="scr\ECS\Component\PhysicsBodyComponents\skStaticBodyComponent.h">
      <Filter>Header Files</Filter>
    </ClInclude>
    <ClInclude Include="scr\ECS\Component\PhysicsBodyComponents\skTileMapCollisionBodyComponent.h">
      <Filter>Header Files</Filter>
    </ClInclude>
    <ClInclude Include="scr\ECS\System\skPhysicsSystem.h">
      <Filter>Header Files</Filter>
    </ClInclude>
    <ClInclude Include="scr\ECS\System\skUISystem.h">
      <Filter>Header Files</Filter>
    </ClInclude>
    <ClInclude Include="scr\Game\skLevel.h">
      <Filter>Header Files</Filter>
    </ClInclude>
  </ItemGroup>
</Project>